// !$*UTF8*$!
{
	archiveVersion = 1;
	classes = {
	};
	objectVersion = 46;
	objects = {

/* Begin PBXBuildFile section */
		E772327C1DF5C2B4009D689F /* main.m in Sources */ = {isa = PBXBuildFile; fileRef = E772327B1DF5C2B4009D689F /* main.m */; };
		E772327F1DF5C2B4009D689F /* AppDelegate.m in Sources */ = {isa = PBXBuildFile; fileRef = E772327E1DF5C2B4009D689F /* AppDelegate.m */; };
		E77232821DF5C2B4009D689F /* ViewController.m in Sources */ = {isa = PBXBuildFile; fileRef = E77232811DF5C2B4009D689F /* ViewController.m */; };
		E77232851DF5C2B4009D689F /* Main.storyboard in Resources */ = {isa = PBXBuildFile; fileRef = E77232831DF5C2B4009D689F /* Main.storyboard */; };
		E77232871DF5C2B4009D689F /* Assets.xcassets in Resources */ = {isa = PBXBuildFile; fileRef = E77232861DF5C2B4009D689F /* Assets.xcassets */; };
		E772328A1DF5C2B4009D689F /* LaunchScreen.storyboard in Resources */ = {isa = PBXBuildFile; fileRef = E77232881DF5C2B4009D689F /* LaunchScreen.storyboard */; };
		E77232951DF5C2B5009D689F /* ___Tests.m in Sources */ = {isa = PBXBuildFile; fileRef = E77232941DF5C2B5009D689F /* ___Tests.m */; };
		E77232A01DF5C2B5009D689F /* ___UITests.m in Sources */ = {isa = PBXBuildFile; fileRef = E772329F1DF5C2B5009D689F /* ___UITests.m */; };
		E77232B61DF5C36C009D689F /* 1.png in Resources */ = {isa = PBXBuildFile; fileRef = E77232AE1DF5C36C009D689F /* 1.png */; settings = {ASSET_TAGS = (); }; };
		E77232B71DF5C36C009D689F /* 2.png in Resources */ = {isa = PBXBuildFile; fileRef = E77232AF1DF5C36C009D689F /* 2.png */; settings = {ASSET_TAGS = (); }; };
		E77232B81DF5C36C009D689F /* 3.png in Resources */ = {isa = PBXBuildFile; fileRef = E77232B01DF5C36C009D689F /* 3.png */; settings = {ASSET_TAGS = (); }; };
		E77232B91DF5C36C009D689F /* 4.png in Resources */ = {isa = PBXBuildFile; fileRef = E77232B11DF5C36C009D689F /* 4.png */; settings = {ASSET_TAGS = (); }; };
		E77232BA1DF5C36C009D689F /* 5.png in Resources */ = {isa = PBXBuildFile; fileRef = E77232B21DF5C36C009D689F /* 5.png */; settings = {ASSET_TAGS = (); }; };
		E77232BB1DF5C36C009D689F /* 6.png in Resources */ = {isa = PBXBuildFile; fileRef = E77232B31DF5C36C009D689F /* 6.png */; settings = {ASSET_TAGS = (); }; };
		E77232BC1DF5C36C009D689F /* 7.png in Resources */ = {isa = PBXBuildFile; fileRef = E77232B41DF5C36C009D689F /* 7.png */; settings = {ASSET_TAGS = (); }; };
		E77232BD1DF5C36C009D689F /* 8.png in Resources */ = {isa = PBXBuildFile; fileRef = E77232B51DF5C36C009D689F /* 8.png */; settings = {ASSET_TAGS = (); }; };
/* End PBXBuildFile section */

/* Begin PBXContainerItemProxy section */
		E77232911DF5C2B4009D689F /* PBXContainerItemProxy */ = {
			isa = PBXContainerItemProxy;
			containerPortal = E772326F1DF5C2B4009D689F /* Project object */;
			proxyType = 1;
			remoteGlobalIDString = E77232761DF5C2B4009D689F;
			remoteInfo = "对对碰";
		};
		E772329C1DF5C2B5009D689F /* PBXContainerItemProxy */ = {
			isa = PBXContainerItemProxy;
			containerPortal = E772326F1DF5C2B4009D689F /* Project object */;
			proxyType = 1;
			remoteGlobalIDString = E77232761DF5C2B4009D689F;
			remoteInfo = "对对碰";
		};
/* End PBXContainerItemProxy section */

/* Begin PBXFileReference section */
		E77232771DF5C2B4009D689F /* 对对碰.app */ = {isa = PBXFileReference; explicitFileType = wrapper.application; includeInIndex = 0; path = "对对碰.app"; sourceTree = BUILT_PRODUCTS_DIR; };
		E772327B1DF5C2B4009D689F /* main.m */ = {isa = PBXFileReference; lastKnownFileType = sourcecode.c.objc; path = main.m; sourceTree = "<group>"; };
		E772327D1DF5C2B4009D689F /* AppDelegate.h */ = {isa = PBXFileReference; lastKnownFileType = sourcecode.c.h; path = AppDelegate.h; sourceTree = "<group>"; };
		E772327E1DF5C2B4009D689F /* AppDelegate.m */ = {isa = PBXFileReference; lastKnownFileType = sourcecode.c.objc; path = AppDelegate.m; sourceTree = "<group>"; };
		E77232801DF5C2B4009D689F /* ViewController.h */ = {isa = PBXFileReference; lastKnownFileType = sourcecode.c.h; path = ViewController.h; sourceTree = "<group>"; };
		E77232811DF5C2B4009D689F /* ViewController.m */ = {isa = PBXFileReference; lastKnownFileType = sourcecode.c.objc; path = ViewController.m; sourceTree = "<group>"; };
		E77232841DF5C2B4009D689F /* Base */ = {isa = PBXFileReference; lastKnownFileType = file.storyboard; name = Base; path = Base.lproj/Main.storyboard; sourceTree = "<group>"; };
		E77232861DF5C2B4009D689F /* Assets.xcassets */ = {isa = PBXFileReference; lastKnownFileType = folder.assetcatalog; path = Assets.xcassets; sourceTree = "<group>"; };
		E77232891DF5C2B4009D689F /* Base */ = {isa = PBXFileReference; lastKnownFileType = file.storyboard; name = Base; path = Base.lproj/LaunchScreen.storyboard; sourceTree = "<group>"; };
		E772328B1DF5C2B4009D689F /* Info.plist */ = {isa = PBXFileReference; lastKnownFileType = text.plist.xml; path = Info.plist; sourceTree = "<group>"; };
		E77232901DF5C2B4009D689F /* 对对碰Tests.xctest */ = {isa = PBXFileReference; explicitFileType = wrapper.cfbundle; includeInIndex = 0; path = "对对碰Tests.xctest"; sourceTree = BUILT_PRODUCTS_DIR; };
		E77232941DF5C2B5009D689F /* ___Tests.m */ = {isa = PBXFileReference; lastKnownFileType = sourcecode.c.objc; path = "___Tests.m"; sourceTree = "<group>"; };
		E77232961DF5C2B5009D689F /* Info.plist */ = {isa = PBXFileReference; lastKnownFileType = text.plist.xml; path = Info.plist; sourceTree = "<group>"; };
		E772329B1DF5C2B5009D689F /* 对对碰UITests.xctest */ = {isa = PBXFileReference; explicitFileType = wrapper.cfbundle; includeInIndex = 0; path = "对对碰UITests.xctest"; sourceTree = BUILT_PRODUCTS_DIR; };
		E772329F1DF5C2B5009D689F /* ___UITests.m */ = {isa = PBXFileReference; lastKnownFileType = sourcecode.c.objc; path = "___UITests.m"; sourceTree = "<group>"; };
		E77232A11DF5C2B5009D689F /* Info.plist */ = {isa = PBXFileReference; lastKnownFileType = text.plist.xml; path = Info.plist; sourceTree = "<group>"; };
		E77232AE1DF5C36C009D689F /* 1.png */ = {isa = PBXFileReference; lastKnownFileType = image.png; path = 1.png; sourceTree = "<group>"; };
		E77232AF1DF5C36C009D689F /* 2.png */ = {isa = PBXFileReference; lastKnownFileType = image.png; path = 2.png; sourceTree = "<group>"; };
		E77232B01DF5C36C009D689F /* 3.png */ = {isa = PBXFileReference; lastKnownFileType = image.png; path = 3.png; sourceTree = "<group>"; };
		E77232B11DF5C36C009D689F /* 4.png */ = {isa = PBXFileReference; lastKnownFileType = image.png; path = 4.png; sourceTree = "<group>"; };
		E77232B21DF5C36C009D689F /* 5.png */ = {isa = PBXFileReference; lastKnownFileType = image.png; path = 5.png; sourceTree = "<group>"; };
		E77232B31DF5C36C009D689F /* 6.png */ = {isa = PBXFileReference; lastKnownFileType = image.png; path = 6.png; sourceTree = "<group>"; };
		E77232B41DF5C36C009D689F /* 7.png */ = {isa = PBXFileReference; lastKnownFileType = image.png; path = 7.png; sourceTree = "<group>"; };
		E77232B51DF5C36C009D689F /* 8.png */ = {isa = PBXFileReference; lastKnownFileType = image.png; path = 8.png; sourceTree = "<group>"; };
/* End PBXFileReference section */

/* Begin PBXFrameworksBuildPhase section */
		E77232741DF5C2B4009D689F /* Frameworks */ = {
			isa = PBXFrameworksBuildPhase;
			buildActionMask = 2147483647;
			files = (
			);
			runOnlyForDeploymentPostprocessing = 0;
		};
		E772328D1DF5C2B4009D689F /* Frameworks */ = {
			isa = PBXFrameworksBuildPhase;
			buildActionMask = 2147483647;
			files = (
			);
			runOnlyForDeploymentPostprocessing = 0;
		};
		E77232981DF5C2B5009D689F /* Frameworks */ = {
			isa = PBXFrameworksBuildPhase;
			buildActionMask = 2147483647;
			files = (
			);
			runOnlyForDeploymentPostprocessing = 0;
		};
/* End PBXFrameworksBuildPhase section */

/* Begin PBXGroup section */
		E772326E1DF5C2B4009D689F = {
			isa = PBXGroup;
			children = (
				E77232AD1DF5C34E009D689F /* Image */,
				E77232791DF5C2B4009D689F /* 对对碰 */,
				E77232931DF5C2B4009D689F /* 对对碰Tests */,
				E772329E1DF5C2B5009D689F /* 对对碰UITests */,
				E77232781DF5C2B4009D689F /* Products */,
			);
			sourceTree = "<group>";
		};
		E77232781DF5C2B4009D689F /* Products */ = {
			isa = PBXGroup;
			children = (
				E77232771DF5C2B4009D689F /* 对对碰.app */,
				E77232901DF5C2B4009D689F /* 对对碰Tests.xctest */,
				E772329B1DF5C2B5009D689F /* 对对碰UITests.xctest */,
			);
			name = Products;
			sourceTree = "<group>";
		};
		E77232791DF5C2B4009D689F /* 对对碰 */ = {
			isa = PBXGroup;
			children = (
				E772327D1DF5C2B4009D689F /* AppDelegate.h */,
				E772327E1DF5C2B4009D689F /* AppDelegate.m */,
				E77232801DF5C2B4009D689F /* ViewController.h */,
				E77232811DF5C2B4009D689F /* ViewController.m */,
				E77232831DF5C2B4009D689F /* Main.storyboard */,
				E77232861DF5C2B4009D689F /* Assets.xcassets */,
				E77232881DF5C2B4009D689F /* LaunchScreen.storyboard */,
				E772328B1DF5C2B4009D689F /* Info.plist */,
				E772327A1DF5C2B4009D689F /* Supporting Files */,
			);
			path = "对对碰";
			sourceTree = "<group>";
		};
		E772327A1DF5C2B4009D689F /* Supporting Files */ = {
			isa = PBXGroup;
			children = (
				E772327B1DF5C2B4009D689F /* main.m */,
			);
			name = "Supporting Files";
			sourceTree = "<group>";
		};
		E77232931DF5C2B4009D689F /* 对对碰Tests */ = {
			isa = PBXGroup;
			children = (
				E77232941DF5C2B5009D689F /* ___Tests.m */,
				E77232961DF5C2B5009D689F /* Info.plist */,
			);
			path = "对对碰Tests";
			sourceTree = "<group>";
		};
		E772329E1DF5C2B5009D689F /* 对对碰UITests */ = {
			isa = PBXGroup;
			children = (
				E772329F1DF5C2B5009D689F /* ___UITests.m */,
				E77232A11DF5C2B5009D689F /* Info.plist */,
			);
			path = "对对碰UITests";
			sourceTree = "<group>";
		};
		E77232AD1DF5C34E009D689F /* Image */ = {
			isa = PBXGroup;
			children = (
				E77232AE1DF5C36C009D689F /* 1.png */,
				E77232AF1DF5C36C009D689F /* 2.png */,
				E77232B01DF5C36C009D689F /* 3.png */,
				E77232B11DF5C36C009D689F /* 4.png */,
				E77232B21DF5C36C009D689F /* 5.png */,
				E77232B31DF5C36C009D689F /* 6.png */,
				E77232B41DF5C36C009D689F /* 7.png */,
				E77232B51DF5C36C009D689F /* 8.png */,
			);
			name = Image;
			sourceTree = "<group>";
		};
/* End PBXGroup section */

/* Begin PBXNativeTarget section */
		E77232761DF5C2B4009D689F /* 对对碰 */ = {
			isa = PBXNativeTarget;
			buildConfigurationList = E77232A41DF5C2B5009D689F /* Build configuration list for PBXNativeTarget "对对碰" */;
			buildPhases = (
				E77232731DF5C2B4009D689F /* Sources */,
				E77232741DF5C2B4009D689F /* Frameworks */,
				E77232751DF5C2B4009D689F /* Resources */,
			);
			buildRules = (
			);
			dependencies = (
			);
			name = "对对碰";
			productName = "对对碰";
			productReference = E77232771DF5C2B4009D689F /* 对对碰.app */;
			productType = "com.apple.product-type.application";
		};
		E772328F1DF5C2B4009D689F /* 对对碰Tests */ = {
			isa = PBXNativeTarget;
			buildConfigurationList = E77232A71DF5C2B5009D689F /* Build configuration list for PBXNativeTarget "对对碰Tests" */;
			buildPhases = (
				E772328C1DF5C2B4009D689F /* Sources */,
				E772328D1DF5C2B4009D689F /* Frameworks */,
				E772328E1DF5C2B4009D689F /* Resources */,
			);
			buildRules = (
			);
			dependencies = (
				E77232921DF5C2B4009D689F /* PBXTargetDependency */,
			);
			name = "对对碰Tests";
			productName = "对对碰Tests";
			productReference = E77232901DF5C2B4009D689F /* 对对碰Tests.xctest */;
			productType = "com.apple.product-type.bundle.unit-test";
		};
		E772329A1DF5C2B5009D689F /* 对对碰UITests */ = {
			isa = PBXNativeTarget;
			buildConfigurationList = E77232AA1DF5C2B5009D689F /* Build configuration list for PBXNativeTarget "对对碰UITests" */;
			buildPhases = (
				E77232971DF5C2B5009D689F /* Sources */,
				E77232981DF5C2B5009D689F /* Frameworks */,
				E77232991DF5C2B5009D689F /* Resources */,
			);
			buildRules = (
			);
			dependencies = (
				E772329D1DF5C2B5009D689F /* PBXTargetDependency */,
			);
			name = "对对碰UITests";
			productName = "对对碰UITests";
			productReference = E772329B1DF5C2B5009D689F /* 对对碰UITests.xctest */;
			productType = "com.apple.product-type.bundle.ui-testing";
		};
/* End PBXNativeTarget section */

/* Begin PBXProject section */
		E772326F1DF5C2B4009D689F /* Project object */ = {
			isa = PBXProject;
			attributes = {
				LastUpgradeCheck = 0700;
				ORGANIZATIONNAME = Alan.Turing;
				TargetAttributes = {
					E77232761DF5C2B4009D689F = {
						CreatedOnToolsVersion = 7.0;
						DevelopmentTeam = 6NC35YNKT4;
					};
					E772328F1DF5C2B4009D689F = {
						CreatedOnToolsVersion = 7.0;
						DevelopmentTeam = 6NC35YNKT4;
						TestTargetID = E77232761DF5C2B4009D689F;
					};
					E772329A1DF5C2B5009D689F = {
						CreatedOnToolsVersion = 7.0;
						DevelopmentTeam = 6NC35YNKT4;
						TestTargetID = E77232761DF5C2B4009D689F;
					};
				};
			};
			buildConfigurationList = E77232721DF5C2B4009D689F /* Build configuration list for PBXProject "对对碰" */;
			compatibilityVersion = "Xcode 3.2";
			developmentRegion = English;
			hasScannedForEncodings = 0;
			knownRegions = (
				en,
				Base,
			);
			mainGroup = E772326E1DF5C2B4009D689F;
			productRefGroup = E77232781DF5C2B4009D689F /* Products */;
			projectDirPath = "";
			projectRoot = "";
			targets = (
				E77232761DF5C2B4009D689F /* 对对碰 */,
				E772328F1DF5C2B4009D689F /* 对对碰Tests */,
				E772329A1DF5C2B5009D689F /* 对对碰UITests */,
			);
		};
/* End PBXProject section */

/* Begin PBXResourcesBuildPhase section */
		E77232751DF5C2B4009D689F /* Resources */ = {
			isa = PBXResourcesBuildPhase;
			buildActionMask = 2147483647;
			files = (
				E77232BD1DF5C36C009D689F /* 8.png in Resources */,
				E772328A1DF5C2B4009D689F /* LaunchScreen.storyboard in Resources */,
				E77232B91DF5C36C009D689F /* 4.png in Resources */,
				E77232B61DF5C36C009D689F /* 1.png in Resources */,
				E77232BB1DF5C36C009D689F /* 6.png in Resources */,
				E77232B71DF5C36C009D689F /* 2.png in Resources */,
				E77232B81DF5C36C009D689F /* 3.png in Resources */,
				E77232BA1DF5C36C009D689F /* 5.png in Resources */,
				E77232BC1DF5C36C009D689F /* 7.png in Resources */,
				E77232871DF5C2B4009D689F /* Assets.xcassets in Resources */,
				E77232851DF5C2B4009D689F /* Main.storyboard in Resources */,
			);
			runOnlyForDeploymentPostprocessing = 0;
		};
		E772328E1DF5C2B4009D689F /* Resources */ = {
			isa = PBXResourcesBuildPhase;
			buildActionMask = 2147483647;
			files = (
			);
			runOnlyForDeploymentPostprocessing = 0;
		};
		E77232991DF5C2B5009D689F /* Resources */ = {
			isa = PBXResourcesBuildPhase;
			buildActionMask = 2147483647;
			files = (
			);
			runOnlyForDeploymentPostprocessing = 0;
		};
/* End PBXResourcesBuildPhase section */

/* Begin PBXSourcesBuildPhase section */
		E77232731DF5C2B4009D689F /* Sources */ = {
			isa = PBXSourcesBuildPhase;
			buildActionMask = 2147483647;
			files = (
				E77232821DF5C2B4009D689F /* ViewController.m in Sources */,
				E772327F1DF5C2B4009D689F /* AppDelegate.m in Sources */,
				E772327C1DF5C2B4009D689F /* main.m in Sources */,
			);
			runOnlyForDeploymentPostprocessing = 0;
		};
		E772328C1DF5C2B4009D689F /* Sources */ = {
			isa = PBXSourcesBuildPhase;
			buildActionMask = 2147483647;
			files = (
				E77232951DF5C2B5009D689F /* ___Tests.m in Sources */,
			);
			runOnlyForDeploymentPostprocessing = 0;
		};
		E77232971DF5C2B5009D689F /* Sources */ = {
			isa = PBXSourcesBuildPhase;
			buildActionMask = 2147483647;
			files = (
				E77232A01DF5C2B5009D689F /* ___UITests.m in Sources */,
			);
			runOnlyForDeploymentPostprocessing = 0;
		};
/* End PBXSourcesBuildPhase section */

/* Begin PBXTargetDependency section */
		E77232921DF5C2B4009D689F /* PBXTargetDependency */ = {
			isa = PBXTargetDependency;
			target = E77232761DF5C2B4009D689F /* 对对碰 */;
			targetProxy = E77232911DF5C2B4009D689F /* PBXContainerItemProxy */;
		};
		E772329D1DF5C2B5009D689F /* PBXTargetDependency */ = {
			isa = PBXTargetDependency;
			target = E77232761DF5C2B4009D689F /* 对对碰 */;
			targetProxy = E772329C1DF5C2B5009D689F /* PBXContainerItemProxy */;
		};
/* End PBXTargetDependency section */

/* Begin PBXVariantGroup section */
		E77232831DF5C2B4009D689F /* Main.storyboard */ = {
			isa = PBXVariantGroup;
			children = (
				E77232841DF5C2B4009D689F /* Base */,
			);
			name = Main.storyboard;
			sourceTree = "<group>";
		};
		E77232881DF5C2B4009D689F /* LaunchScreen.storyboard */ = {
			isa = PBXVariantGroup;
			children = (
				E77232891DF5C2B4009D689F /* Base */,
			);
			name = LaunchScreen.storyboard;
			sourceTree = "<group>";
		};
/* End PBXVariantGroup section */

/* Begin XCBuildConfiguration section */
		E77232A21DF5C2B5009D689F /* Debug */ = {
			isa = XCBuildConfiguration;
			buildSettings = {
				ALWAYS_SEARCH_USER_PATHS = NO;
				CLANG_CXX_LANGUAGE_STANDARD = "gnu++0x";
				CLANG_CXX_LIBRARY = "libc++";
				CLANG_ENABLE_MODULES = YES;
				CLANG_ENABLE_OBJC_ARC = YES;
				CLANG_WARN_BOOL_CONVERSION = YES;
				CLANG_WARN_CONSTANT_CONVERSION = YES;
				CLANG_WARN_DIRECT_OBJC_ISA_USAGE = YES_ERROR;
				CLANG_WARN_EMPTY_BODY = YES;
				CLANG_WARN_ENUM_CONVERSION = YES;
				CLANG_WARN_INT_CONVERSION = YES;
				CLANG_WARN_OBJC_ROOT_CLASS = YES_ERROR;
				CLANG_WARN_UNREACHABLE_CODE = YES;
				CLANG_WARN__DUPLICATE_METHOD_MATCH = YES;
				"CODE_SIGN_IDENTITY[sdk=iphoneos*]" = "iPhone Developer";
				COPY_PHASE_STRIP = NO;
				DEBUG_INFORMATION_FORMAT = dwarf;
				ENABLE_STRICT_OBJC_MSGSEND = YES;
				ENABLE_TESTABILITY = YES;
				GCC_C_LANGUAGE_STANDARD = gnu99;
				GCC_DYNAMIC_NO_PIC = NO;
				GCC_NO_COMMON_BLOCKS = YES;
				GCC_OPTIMIZATION_LEVEL = 0;
				GCC_PREPROCESSOR_DEFINITIONS = (
					"DEBUG=1",
					"$(inherited)",
				);
				GCC_WARN_64_TO_32_BIT_CONVERSION = YES;
				GCC_WARN_ABOUT_RETURN_TYPE = YES_ERROR;
				GCC_WARN_UNDECLARED_SELECTOR = YES;
				GCC_WARN_UNINITIALIZED_AUTOS = YES_AGGRESSIVE;
				GCC_WARN_UNUSED_FUNCTION = YES;
				GCC_WARN_UNUSED_VARIABLE = YES;
				IPHONEOS_DEPLOYMENT_TARGET = 9.0;
				MTL_ENABLE_DEBUG_INFO = YES;
				ONLY_ACTIVE_ARCH = YES;
				SDKROOT = iphoneos;
			};
			name = Debug;
		};
		E77232A31DF5C2B5009D689F /* Release */ = {
			isa = XCBuildConfiguration;
			buildSettings = {
				ALWAYS_SEARCH_USER_PATHS = NO;
				CLANG_CXX_LANGUAGE_STANDARD = "gnu++0x";
				CLANG_CXX_LIBRARY = "libc++";
				CLANG_ENABLE_MODULES = YES;
				CLANG_ENABLE_OBJC_ARC = YES;
				CLANG_WARN_BOOL_CONVERSION = YES;
				CLANG_WARN_CONSTANT_CONVERSION = YES;
				CLANG_WARN_DIRECT_OBJC_ISA_USAGE = YES_ERROR;
				CLANG_WARN_EMPTY_BODY = YES;
				CLANG_WARN_ENUM_CONVERSION = YES;
				CLANG_WARN_INT_CONVERSION = YES;
				CLANG_WARN_OBJC_ROOT_CLASS = YES_ERROR;
				CLANG_WARN_UNREACHABLE_CODE = YES;
				CLANG_WARN__DUPLICATE_METHOD_MATCH = YES;
				"CODE_SIGN_IDENTITY[sdk=iphoneos*]" = "iPhone Developer";
				COPY_PHASE_STRIP = NO;
				DEBUG_INFORMATION_FORMAT = "dwarf-with-dsym";
				ENABLE_NS_ASSERTIONS = NO;
				ENABLE_STRICT_OBJC_MSGSEND = YES;
				GCC_C_LANGUAGE_STANDARD = gnu99;
				GCC_NO_COMMON_BLOCKS = YES;
				GCC_WARN_64_TO_32_BIT_CONVERSION = YES;
				GCC_WARN_ABOUT_RETURN_TYPE = YES_ERROR;
				GCC_WARN_UNDECLARED_SELECTOR = YES;
				GCC_WARN_UNINITIALIZED_AUTOS = YES_AGGRESSIVE;
				GCC_WARN_UNUSED_FUNCTION = YES;
				GCC_WARN_UNUSED_VARIABLE = YES;
				IPHONEOS_DEPLOYMENT_TARGET = 9.0;
				MTL_ENABLE_DEBUG_INFO = NO;
				SDKROOT = iphoneos;
				VALIDATE_PRODUCT = YES;
			};
			name = Release;
		};
		E77232A51DF5C2B5009D689F /* Debug */ = {
			isa = XCBuildConfiguration;
			buildSettings = {
				ASSETCATALOG_COMPILER_APPICON_NAME = AppIcon;
				INFOPLIST_FILE = "对对碰/Info.plist";
				LD_RUNPATH_SEARCH_PATHS = "$(inherited) @executable_path/Frameworks";
				PRODUCT_BUNDLE_IDENTIFIER = Alan.duiduipeng;
				PRODUCT_NAME = "$(TARGET_NAME)";
			};
			name = Debug;
		};
		E77232A61DF5C2B5009D689F /* Release */ = {
			isa = XCBuildConfiguration;
			buildSettings = {
				ASSETCATALOG_COMPILER_APPICON_NAME = AppIcon;
				INFOPLIST_FILE = "对对碰/Info.plist";
				LD_RUNPATH_SEARCH_PATHS = "$(inherited) @executable_path/Frameworks";
				PRODUCT_BUNDLE_IDENTIFIER = Alan.duiduipeng;
				PRODUCT_NAME = "$(TARGET_NAME)";
			};
			name = Release;
		};
		E77232A81DF5C2B5009D689F /* Debug */ = {
			isa = XCBuildConfiguration;
			buildSettings = {
				BUNDLE_LOADER = "$(TEST_HOST)";
				INFOPLIST_FILE = "对对碰Tests/Info.plist";
				LD_RUNPATH_SEARCH_PATHS = "$(inherited) @executable_path/Frameworks @loader_path/Frameworks";
				PRODUCT_BUNDLE_IDENTIFIER = "Alan.---Tests";
				PRODUCT_NAME = "$(TARGET_NAME)";
				TEST_HOST = "$(BUILT_PRODUCTS_DIR)/对对碰.app/对对碰";
			};
			name = Debug;
		};
		E77232A91DF5C2B5009D689F /* Release */ = {
			isa = XCBuildConfiguration;
			buildSettings = {
				BUNDLE_LOADER = "$(TEST_HOST)";
				INFOPLIST_FILE = "对对碰Tests/Info.plist";
				LD_RUNPATH_SEARCH_PATHS = "$(inherited) @executable_path/Frameworks @loader_path/Frameworks";
				PRODUCT_BUNDLE_IDENTIFIER = "Alan.---Tests";
				PRODUCT_NAME = "$(TARGET_NAME)";
				TEST_HOST = "$(BUILT_PRODUCTS_DIR)/对对碰.app/对对碰";
			};
			name = Release;
		};
		E77232AB1DF5C2B5009D689F /* Debug */ = {
			isa = XCBuildConfiguration;
			buildSettings = {
				INFOPLIST_FILE = "对对碰UITests/Info.plist";
				LD_RUNPATH_SEARCH_PATHS = "$(inherited) @executable_path/Frameworks @loader_path/Frameworks";
				PRODUCT_BUNDLE_IDENTIFIER = "Alan.---UITests";
				PRODUCT_NAME = "$(TARGET_NAME)";
				TEST_TARGET_NAME = "对对碰";
				USES_XCTRUNNER = YES;
			};
			name = Debug;
		};
		E77232AC1DF5C2B5009D689F /* Release */ = {
			isa = XCBuildConfiguration;
			buildSettings = {
				INFOPLIST_FILE = "对对碰UITests/Info.plist";
				LD_RUNPATH_SEARCH_PATHS = "$(inherited) @executable_path/Frameworks @loader_path/Frameworks";
				PRODUCT_BUNDLE_IDENTIFIER = "Alan.---UITests";
				PRODUCT_NAME = "$(TARGET_NAME)";
				TEST_TARGET_NAME = "对对碰";
				USES_XCTRUNNER = YES;
			};
			name = Release;
		};
/* End XCBuildConfiguration section */

/* Begin XCConfigurationList section */
		E77232721DF5C2B4009D689F /* Build configuration list for PBXProject "对对碰" */ = {
			isa = XCConfigurationList;
			buildConfigurations = (
				E77232A21DF5C2B5009D689F /* Debug */,
				E77232A31DF5C2B5009D689F /* Release */,
			);
			defaultConfigurationIsVisible = 0;
			defaultConfigurationName = Release;
		};
		E77232A41DF5C2B5009D689F /* Build configuration list for PBXNativeTarget "对对碰" */ = {
			isa = XCConfigurationList;
			buildConfigurations = (
				E77232A51DF5C2B5009D689F /* Debug */,
				E77232A61DF5C2B5009D689F /* Release */,
			);
			defaultConfigurationIsVisible = 0;
			defaultConfigurationName = Release;
		};
		E77232A71DF5C2B5009D689F /* Build configuration list for PBXNativeTarget "对对碰Tests" */ = {
			isa = XCConfigurationList;
			buildConfigurations = (
				E77232A81DF5C2B5009D689F /* Debug */,
				E77232A91DF5C2B5009D689F /* Release */,
			);
			defaultConfigurationIsVisible = 0;
			defaultConfigurationName = Release;
		};
		E77232AA1DF5C2B5009D689F /* Build configuration list for PBXNativeTarget "对对碰UITests" */ = {
			isa = XCConfigurationList;
			buildConfigurations = (
				E77232AB1DF5C2B5009D689F /* Debug */,
				E77232AC1DF5C2B5009D689F /* Release */,
			);
			defaultConfigurationIsVisible = 0;
			defaultConfigurationName = Release;
		};
/* End XCConfigurationList section */
	};
	rootObject = E772326F1DF5C2B4009D689F /* Project object */;
}
